
Microsoft Visual Studio Solution File, Format Version 12.00
# Visual Studio 15
VisualStudioVersion = 15.0.27703.2035
MinimumVisualStudioVersion = 10.0.40219.1
Project("{FAE04EC0-301F-11D3-BF4B-00C04F79EFBC}") = "basics_csharp", "basics_csharp\basics_csharp.csproj", "{A2781AC1-B3BD-4653-9FAA-9039C8093B34}"
EndProject
Global
	GlobalSection(SolutionConfigurationPlatforms) = preSolution
		Debug|Any CPU = Debug|Any CPU
		Release|Any CPU = Release|Any CPU
	EndGlobalSection
	GlobalSection(ProjectConfigurationPlatforms) = postSolution
		{A2781AC1-B3BD-4653-9FAA-9039C8093B34}.Debug|Any CPU.ActiveCfg = Debug|Any CPU
		{A2781AC1-B3BD-4653-9FAA-9039C8093B34}.Debug|Any CPU.Build.0 = Debug|Any CPU
		{A2781AC1-B3BD-4653-9FAA-9039C8093B34}.Release|Any CPU.ActiveCfg = Release|Any CPU
		{A2781AC1-B3BD-4653-9FAA-9039C8093B34}.Release|Any CPU.Build.0 = Release|Any CPU
	EndGlobalSection
	GlobalSection(SolutionProperties) = preSolution
		HideSolutionNode = FALSE
	EndGlobalSection
	GlobalSection(ExtensibilityGlobals) = postSolution
		SolutionGuid = {AC36BC8A-5DEB-4A2F-BC0C-FCA78C209C1E}
	EndGlobalSection
EndGlobal
